
Microsoft Visual Studio Solution File, Format Version 12.00
# Visual Studio Version 16
VisualStudioVersion = 16.0.31005.135
MinimumVisualStudioVersion = 10.0.40219.1
Project("{FAE04EC0-301F-11D3-BF4B-00C04F79EFBC}") = "WebTextAnalyzer", "WebTextAnalyzer.csproj", "{998966AE-6B8B-421D-AA38-27DA9B75E636}"
EndProject
Global
	GlobalSection(SolutionConfigurationPlatforms) = preSolution
		Debug|Any CPU = Debug|Any CPU
		Release|Any CPU = Release|Any CPU
	EndGlobalSection
	GlobalSection(ProjectConfigurationPlatforms) = postSolution
		{998966AE-6B8B-421D-AA38-27DA9B75E636}.Debug|Any CPU.ActiveCfg = Debug|Any CPU
		{998966AE-6B8B-421D-AA38-27DA9B75E636}.Debug|Any CPU.Build.0 = Debug|Any CPU
		{998966AE-6B8B-421D-AA38-27DA9B75E636}.Release|Any CPU.ActiveCfg = Release|Any CPU
		{998966AE-6B8B-421D-AA38-27DA9B75E636}.Release|Any CPU.Build.0 = Release|Any CPU
	EndGlobalSection
	GlobalSection(SolutionProperties) = preSolution
		HideSolutionNode = FALSE
	EndGlobalSection
	GlobalSection(ExtensibilityGlobals) = postSolution
		SolutionGuid = {13A330E9-FBE9-45F6-822C-B8EB21D3B1C5}
	EndGlobalSection
EndGlobal
